
Microsoft Visual Studio Solution File, Format Version 12.00
# Visual Studio 15
VisualStudioVersion = 15.0.27703.2035
MinimumVisualStudioVersion = 10.0.40219.1
Project("{FAE04EC0-301F-11D3-BF4B-00C04F79EFBC}") = "Notebook.Domain", "Notebook.Domain\Notebook.Domain.csproj", "{9F9F87CB-DA82-4D84-AA7C-D227C3C4F24E}"
EndProject
Project("{FAE04EC0-301F-11D3-BF4B-00C04F79EFBC}") = "Notebook.Web", "Notebook.Web\Notebook.Web.csproj", "{BD98BA90-FC0C-46CC-811F-F2702D7614A0}"
EndProject
Global
	GlobalSection(SolutionConfigurationPlatforms) = preSolution
		Debug|Any CPU = Debug|Any CPU
		Release|Any CPU = Release|Any CPU
	EndGlobalSection
	GlobalSection(ProjectConfigurationPlatforms) = postSolution
		{9F9F87CB-DA82-4D84-AA7C-D227C3C4F24E}.Debug|Any CPU.ActiveCfg = Debug|Any CPU
		{9F9F87CB-DA82-4D84-AA7C-D227C3C4F24E}.Debug|Any CPU.Build.0 = Debug|Any CPU
		{9F9F87CB-DA82-4D84-AA7C-D227C3C4F24E}.Release|Any CPU.ActiveCfg = Release|Any CPU
		{9F9F87CB-DA82-4D84-AA7C-D227C3C4F24E}.Release|Any CPU.Build.0 = Release|Any CPU
		{BD98BA90-FC0C-46CC-811F-F2702D7614A0}.Debug|Any CPU.ActiveCfg = Debug|Any CPU
		{BD98BA90-FC0C-46CC-811F-F2702D7614A0}.Debug|Any CPU.Build.0 = Debug|Any CPU
		{BD98BA90-FC0C-46CC-811F-F2702D7614A0}.Release|Any CPU.ActiveCfg = Release|Any CPU
		{BD98BA90-FC0C-46CC-811F-F2702D7614A0}.Release|Any CPU.Build.0 = Release|Any CPU
	EndGlobalSection
	GlobalSection(SolutionProperties) = preSolution
		HideSolutionNode = FALSE
	EndGlobalSection
	GlobalSection(ExtensibilityGlobals) = postSolution
		SolutionGuid = {F44737E3-BE9F-4547-873D-A31298236B09}
	EndGlobalSection
EndGlobal
